
Microsoft Visual Studio Solution File, Format Version 12.00
# Visual Studio Version 17
VisualStudioVersion = 17.1.32210.238
MinimumVisualStudioVersion = 10.0.40219.1
Project("{FAE04EC0-301F-11D3-BF4B-00C04F79EFBC}") = "DoublyLinkedList", "DoublyLinkedList\DoublyLinkedList.csproj", "{35F76A63-2657-43B9-88BD-C3AEC6CB5DCE}"
EndProject
Global
	GlobalSection(SolutionConfigurationPlatforms) = preSolution
		Debug|Any CPU = Debug|Any CPU
		Release|Any CPU = Release|Any CPU
	EndGlobalSection
	GlobalSection(ProjectConfigurationPlatforms) = postSolution
		{35F76A63-2657-43B9-88BD-C3AEC6CB5DCE}.Debug|Any CPU.ActiveCfg = Debug|Any CPU
		{35F76A63-2657-43B9-88BD-C3AEC6CB5DCE}.Debug|Any CPU.Build.0 = Debug|Any CPU
		{35F76A63-2657-43B9-88BD-C3AEC6CB5DCE}.Release|Any CPU.ActiveCfg = Release|Any CPU
		{35F76A63-2657-43B9-88BD-C3AEC6CB5DCE}.Release|Any CPU.Build.0 = Release|Any CPU
	EndGlobalSection
	GlobalSection(SolutionProperties) = preSolution
		HideSolutionNode = FALSE
	EndGlobalSection
	GlobalSection(ExtensibilityGlobals) = postSolution
		SolutionGuid = {5B384F01-3F53-4CCB-A3C5-88CE749ED9BC}
	EndGlobalSection
EndGlobal
